
Microsoft Visual Studio Solution File, Format Version 12.00
# Visual Studio 14
VisualStudioVersion = 14.0.25420.1
MinimumVisualStudioVersion = 10.0.40219.1
Project("{FAE04EC0-301F-11D3-BF4B-00C04F79EFBC}") = "Licensing", "src\Licensing.csproj", "{B12BA784-C9E4-4CF6-A5F1-5EBD09206E50}"
EndProject
Project("{FAE04EC0-301F-11D3-BF4B-00C04F79EFBC}") = "LicenseConsole", "samples\LicenseConsole\src\LicenseConsole.csproj", "{FCB3AB4C-9CC6-476C-ABA4-679FF6D41F24}"
EndProject
Project("{FAE04EC0-301F-11D3-BF4B-00C04F79EFBC}") = "TestComponent", "samples\LicenseConsole\TestComponent\TestComponent.csproj", "{AC59DE67-DF1B-4E02-B927-6197EE45C1A0}"
EndProject
Project("{FAE04EC0-301F-11D3-BF4B-00C04F79EFBC}") = "TestServer", "samples\LicenseConsole\TestServer\TestServer.csproj", "{CDD4901D-B168-4B9F-9DD7-44742C2D4DB8}"
EndProject
Project("{FAE04EC0-301F-11D3-BF4B-00C04F79EFBC}") = "TestSignedApp", "samples\LicenseConsole\TestSignedApp\TestSignedApp.csproj", "{2E63E1DB-DB32-41E0-A0AA-934F1B7F0EFB}"
EndProject
Project("{FAE04EC0-301F-11D3-BF4B-00C04F79EFBC}") = "TestUnsignedApp", "samples\LicenseConsole\TestUnsignedApp\TestUnsignedApp.csproj", "{C1B785D1-E527-447C-9932-317F0C82DCBA}"
EndProject
Project("{2150E333-8FDC-42A3-9474-1A3956D46DE8}") = "Solution Items", "Solution Items", "{2F3C6E38-BE50-44ED-AC3A-7E8DC61BD9D5}"
	ProjectSection(SolutionItems) = preProject
		License.txt = License.txt
		README.md = README.md
	EndProjectSection
EndProject
Global
	GlobalSection(SolutionConfigurationPlatforms) = preSolution
		Debug|Any CPU = Debug|Any CPU
		Release|Any CPU = Release|Any CPU
	EndGlobalSection
	GlobalSection(ProjectConfigurationPlatforms) = postSolution
		{B12BA784-C9E4-4CF6-A5F1-5EBD09206E50}.Debug|Any CPU.ActiveCfg = Debug|Any CPU
		{B12BA784-C9E4-4CF6-A5F1-5EBD09206E50}.Debug|Any CPU.Build.0 = Debug|Any CPU
		{B12BA784-C9E4-4CF6-A5F1-5EBD09206E50}.Release|Any CPU.ActiveCfg = Release|Any CPU
		{B12BA784-C9E4-4CF6-A5F1-5EBD09206E50}.Release|Any CPU.Build.0 = Release|Any CPU
		{FCB3AB4C-9CC6-476C-ABA4-679FF6D41F24}.Debug|Any CPU.ActiveCfg = Debug|Any CPU
		{FCB3AB4C-9CC6-476C-ABA4-679FF6D41F24}.Debug|Any CPU.Build.0 = Debug|Any CPU
		{FCB3AB4C-9CC6-476C-ABA4-679FF6D41F24}.Release|Any CPU.ActiveCfg = Release|Any CPU
		{FCB3AB4C-9CC6-476C-ABA4-679FF6D41F24}.Release|Any CPU.Build.0 = Release|Any CPU
		{AC59DE67-DF1B-4E02-B927-6197EE45C1A0}.Debug|Any CPU.ActiveCfg = Debug|Any CPU
		{AC59DE67-DF1B-4E02-B927-6197EE45C1A0}.Debug|Any CPU.Build.0 = Debug|Any CPU
		{AC59DE67-DF1B-4E02-B927-6197EE45C1A0}.Release|Any CPU.ActiveCfg = Release|Any CPU
		{AC59DE67-DF1B-4E02-B927-6197EE45C1A0}.Release|Any CPU.Build.0 = Release|Any CPU
		{CDD4901D-B168-4B9F-9DD7-44742C2D4DB8}.Debug|Any CPU.ActiveCfg = Debug|Any CPU
		{CDD4901D-B168-4B9F-9DD7-44742C2D4DB8}.Debug|Any CPU.Build.0 = Debug|Any CPU
		{CDD4901D-B168-4B9F-9DD7-44742C2D4DB8}.Release|Any CPU.ActiveCfg = Release|Any CPU
		{CDD4901D-B168-4B9F-9DD7-44742C2D4DB8}.Release|Any CPU.Build.0 = Release|Any CPU
		{2E63E1DB-DB32-41E0-A0AA-934F1B7F0EFB}.Debug|Any CPU.ActiveCfg = Debug|Any CPU
		{2E63E1DB-DB32-41E0-A0AA-934F1B7F0EFB}.Debug|Any CPU.Build.0 = Debug|Any CPU
		{2E63E1DB-DB32-41E0-A0AA-934F1B7F0EFB}.Release|Any CPU.ActiveCfg = Release|Any CPU
		{2E63E1DB-DB32-41E0-A0AA-934F1B7F0EFB}.Release|Any CPU.Build.0 = Release|Any CPU
		{C1B785D1-E527-447C-9932-317F0C82DCBA}.Debug|Any CPU.ActiveCfg = Debug|Any CPU
		{C1B785D1-E527-447C-9932-317F0C82DCBA}.Debug|Any CPU.Build.0 = Debug|Any CPU
		{C1B785D1-E527-447C-9932-317F0C82DCBA}.Release|Any CPU.ActiveCfg = Release|Any CPU
		{C1B785D1-E527-447C-9932-317F0C82DCBA}.Release|Any CPU.Build.0 = Release|Any CPU
	EndGlobalSection
	GlobalSection(SolutionProperties) = preSolution
		HideSolutionNode = FALSE
	EndGlobalSection
EndGlobal
