
Microsoft Visual Studio Solution File, Format Version 12.00
# Visual Studio 14
VisualStudioVersion = 14.0.24720.0
MinimumVisualStudioVersion = 10.0.40219.1
Project("{FAE04EC0-301F-11D3-BF4B-00C04F79EFBC}") = "SampleApp", "SampleApp\SampleApp.csproj", "{16EEB3AF-1DBB-4ECD-B6C1-B94C2FA7AB24}"
EndProject
Project("{FAE04EC0-301F-11D3-BF4B-00C04F79EFBC}") = "SamplePublisher", "SamplePublisher\SamplePublisher.csproj", "{616E6588-B1D6-41DA-BC3F-438EFAAF99C5}"
EndProject
Project("{FAE04EC0-301F-11D3-BF4B-00C04F79EFBC}") = "Licensing", "..\..\..\src\Licensing.csproj", "{B12BA784-C9E4-4CF6-A5F1-5EBD09206E50}"
EndProject
Global
	GlobalSection(SolutionConfigurationPlatforms) = preSolution
		Debug|Any CPU = Debug|Any CPU
		Release|Any CPU = Release|Any CPU
	EndGlobalSection
	GlobalSection(ProjectConfigurationPlatforms) = postSolution
		{16EEB3AF-1DBB-4ECD-B6C1-B94C2FA7AB24}.Debug|Any CPU.ActiveCfg = Debug|Any CPU
		{16EEB3AF-1DBB-4ECD-B6C1-B94C2FA7AB24}.Debug|Any CPU.Build.0 = Debug|Any CPU
		{16EEB3AF-1DBB-4ECD-B6C1-B94C2FA7AB24}.Release|Any CPU.ActiveCfg = Release|Any CPU
		{16EEB3AF-1DBB-4ECD-B6C1-B94C2FA7AB24}.Release|Any CPU.Build.0 = Release|Any CPU
		{616E6588-B1D6-41DA-BC3F-438EFAAF99C5}.Debug|Any CPU.ActiveCfg = Debug|Any CPU
		{616E6588-B1D6-41DA-BC3F-438EFAAF99C5}.Debug|Any CPU.Build.0 = Debug|Any CPU
		{616E6588-B1D6-41DA-BC3F-438EFAAF99C5}.Release|Any CPU.ActiveCfg = Release|Any CPU
		{616E6588-B1D6-41DA-BC3F-438EFAAF99C5}.Release|Any CPU.Build.0 = Release|Any CPU
		{B12BA784-C9E4-4CF6-A5F1-5EBD09206E50}.Debug|Any CPU.ActiveCfg = Debug|Any CPU
		{B12BA784-C9E4-4CF6-A5F1-5EBD09206E50}.Debug|Any CPU.Build.0 = Debug|Any CPU
		{B12BA784-C9E4-4CF6-A5F1-5EBD09206E50}.Release|Any CPU.ActiveCfg = Release|Any CPU
		{B12BA784-C9E4-4CF6-A5F1-5EBD09206E50}.Release|Any CPU.Build.0 = Release|Any CPU
	EndGlobalSection
	GlobalSection(SolutionProperties) = preSolution
		HideSolutionNode = FALSE
	EndGlobalSection
EndGlobal
